
Microsoft Visual Studio Solution File, Format Version 12.00
# Visual Studio Version 16
VisualStudioVersion = 16.0.30128.74
MinimumVisualStudioVersion = 10.0.40219.1
Project("{FAE04EC0-301F-11D3-BF4B-00C04F79EFBC}") = "MachineLearning", "MachineLearning\MachineLearning.csproj", "{497543F8-5AEB-41A8-B8CC-1A8B82C00DBA}"
EndProject
Global
	GlobalSection(SolutionConfigurationPlatforms) = preSolution
		Debug|Any CPU = Debug|Any CPU
		Release|Any CPU = Release|Any CPU
	EndGlobalSection
	GlobalSection(ProjectConfigurationPlatforms) = postSolution
		{497543F8-5AEB-41A8-B8CC-1A8B82C00DBA}.Debug|Any CPU.ActiveCfg = Debug|Any CPU
		{497543F8-5AEB-41A8-B8CC-1A8B82C00DBA}.Debug|Any CPU.Build.0 = Debug|Any CPU
		{497543F8-5AEB-41A8-B8CC-1A8B82C00DBA}.Release|Any CPU.ActiveCfg = Release|Any CPU
		{497543F8-5AEB-41A8-B8CC-1A8B82C00DBA}.Release|Any CPU.Build.0 = Release|Any CPU
	EndGlobalSection
	GlobalSection(SolutionProperties) = preSolution
		HideSolutionNode = FALSE
	EndGlobalSection
	GlobalSection(ExtensibilityGlobals) = postSolution
		SolutionGuid = {2327509F-1A49-412A-91B9-D383621B4564}
	EndGlobalSection
EndGlobal
